
Microsoft Visual Studio Solution File, Format Version 12.00
# Visual Studio Version 16
VisualStudioVersion = 16.0.31025.194
MinimumVisualStudioVersion = 10.0.40219.1
Project("{2150E333-8FDC-42A3-9474-1A3956D46DE8}") = "Services", "Services", "{3EF8DB5F-0D9F-4FB3-A05B-52A45DBD9CFE}"
EndProject
Project("{2150E333-8FDC-42A3-9474-1A3956D46DE8}") = "Catalog", "Catalog", "{9E043092-B1D5-480E-A8F2-427B04A86EAD}"
EndProject
Project("{9A19103F-16F7-4668-BE54-9A1E7A4F7556}") = "Catalog.API", "src\Services\Catalog\Catalog.API\Catalog.API.csproj", "{19A80731-0A78-44EE-8BD5-C9B2D7653465}"
EndProject
Project("{E53339B2-1760-4266-BCC7-CA923CBCF16C}") = "docker-compose", "docker-compose.dcproj", "{F32655AC-F939-419B-B788-1006932AAEA9}"
EndProject
Project("{2150E333-8FDC-42A3-9474-1A3956D46DE8}") = "Basket", "Basket", "{C502A242-FBF4-4E8D-A94D-BFDCE4282370}"
EndProject
Project("{9A19103F-16F7-4668-BE54-9A1E7A4F7556}") = "Basket.API", "src\Services\Basket\Basket.API\Basket.API.csproj", "{49692B4E-3889-4BA7-A865-A8F9720B9E26}"
EndProject
Project("{2150E333-8FDC-42A3-9474-1A3956D46DE8}") = "Notes", "Notes", "{D6A9D776-E31E-49E5-A5CD-D56852DCFCFE}"
	ProjectSection(SolutionItems) = preProject
		Docker_Command.txt = Docker_Command.txt
	EndProjectSection
EndProject
Project("{2150E333-8FDC-42A3-9474-1A3956D46DE8}") = "Discount", "Discount", "{6C428B50-A692-4055-B8A7-1C5497B65CF3}"
EndProject
Project("{9A19103F-16F7-4668-BE54-9A1E7A4F7556}") = "Discount.API", "src\Services\Discount\Discount.API\Discount.API.csproj", "{8C77777E-AD62-4297-89B2-B7704AF831B3}"
EndProject
Project("{9A19103F-16F7-4668-BE54-9A1E7A4F7556}") = "Discount.Grpc", "src\Services\Discount\Discount.Grpc\Discount.Grpc.csproj", "{82D31E4E-C1F7-4176-BA1B-FF664A1493DB}"
EndProject
Project("{2150E333-8FDC-42A3-9474-1A3956D46DE8}") = "Ordering", "Ordering", "{4089D8C5-1BF9-4D10-9516-517F59DD9014}"
EndProject
Project("{9A19103F-16F7-4668-BE54-9A1E7A4F7556}") = "Ordering.API", "src\Services\Ordering\Ordering.API\Ordering.API.csproj", "{593B67F0-8C0C-4E86-80D3-A8130ED43273}"
EndProject
Project("{9A19103F-16F7-4668-BE54-9A1E7A4F7556}") = "Ordering.Domain", "src\Services\Ordering\Ordering.Domain\Ordering.Domain.csproj", "{4D3FE2EA-1C5E-4A5E-8DEF-79A4A3E4805B}"
EndProject
Project("{9A19103F-16F7-4668-BE54-9A1E7A4F7556}") = "Ordering.Application", "src\Services\Ordering\Ordering.Application\Ordering.Application.csproj", "{AA431C68-A24E-4D59-8CF6-9ECA348AFB11}"
EndProject
Project("{9A19103F-16F7-4668-BE54-9A1E7A4F7556}") = "Ordering.Infrastructure", "src\Services\Ordering\Ordering.Infrastructure\Ordering.Infrastructure.csproj", "{36315360-EF6C-4163-A8D7-B05B9883FA09}"
EndProject
Project("{2150E333-8FDC-42A3-9474-1A3956D46DE8}") = "BuldingBlocks", "BuldingBlocks", "{3D3472CC-BAB9-432D-AB28-00FEFB2CA186}"
EndProject
Project("{9A19103F-16F7-4668-BE54-9A1E7A4F7556}") = "EventBus.Messages", "src\BuildingBlocks\EventBus.Messages\EventBus.Messages.csproj", "{03E17426-B9FB-4E4E-A7F5-524014DD50B5}"
EndProject
Project("{9A19103F-16F7-4668-BE54-9A1E7A4F7556}") = "Common.Logging", "src\BuildingBlocks\Common.Logging\Common.Logging.csproj", "{C8E45AC4-C991-4E0C-ACB1-2703D7ADF62F}"
EndProject
Project("{2150E333-8FDC-42A3-9474-1A3956D46DE8}") = "ApiGateways", "ApiGateways", "{CDD9B53A-D4B2-4C14-850A-7A50F4EDB64A}"
EndProject
Project("{9A19103F-16F7-4668-BE54-9A1E7A4F7556}") = "OcelotApiGw", "src\ApiGateways\OcelotApiGw\OcelotApiGw.csproj", "{C2CBFB96-A836-42CE-91CA-B936BA88DF86}"
EndProject
Project("{9A19103F-16F7-4668-BE54-9A1E7A4F7556}") = "Shopping.Aggregator", "src\ApiGateways\Shopping.Aggregator\Shopping.Aggregator.csproj", "{49EA486C-E3EF-422F-8455-B000446699FE}"
EndProject
Project("{2150E333-8FDC-42A3-9474-1A3956D46DE8}") = "IdentityServer", "IdentityServer", "{FE111393-3F2F-47F5-A9B4-67DED23E7B89}"
EndProject
Project("{9A19103F-16F7-4668-BE54-9A1E7A4F7556}") = "IdentityServer", "src\IdentityServer\IdentityServer.csproj", "{56DDE3F3-FE45-4090-9F52-A38E1F8336FD}"
EndProject
Project("{2150E333-8FDC-42A3-9474-1A3956D46DE8}") = "WebApps", "WebApps", "{DAC33046-DACE-475A-ACF0-3400839A8AE6}"
EndProject
Project("{9A19103F-16F7-4668-BE54-9A1E7A4F7556}") = "AspnetRunBasics", "src\WebApps\AspnetRunBasics\AspnetRunBasics.csproj", "{BC5DF173-C31F-48DD-9B16-0E219CB57D0B}"
EndProject
Project("{9A19103F-16F7-4668-BE54-9A1E7A4F7556}") = "WebStatus", "src\WebApps\WebStatus\WebStatus.csproj", "{05D6A9BD-C7E7-45AA-AA4F-7978455E97BC}"
EndProject
Global
	GlobalSection(SolutionConfigurationPlatforms) = preSolution
		Debug|Any CPU = Debug|Any CPU
		Release|Any CPU = Release|Any CPU
	EndGlobalSection
	GlobalSection(ProjectConfigurationPlatforms) = postSolution
		{19A80731-0A78-44EE-8BD5-C9B2D7653465}.Debug|Any CPU.ActiveCfg = Debug|Any CPU
		{19A80731-0A78-44EE-8BD5-C9B2D7653465}.Debug|Any CPU.Build.0 = Debug|Any CPU
		{19A80731-0A78-44EE-8BD5-C9B2D7653465}.Release|Any CPU.ActiveCfg = Release|Any CPU
		{19A80731-0A78-44EE-8BD5-C9B2D7653465}.Release|Any CPU.Build.0 = Release|Any CPU
		{F32655AC-F939-419B-B788-1006932AAEA9}.Debug|Any CPU.ActiveCfg = Debug|Any CPU
		{F32655AC-F939-419B-B788-1006932AAEA9}.Debug|Any CPU.Build.0 = Debug|Any CPU
		{F32655AC-F939-419B-B788-1006932AAEA9}.Release|Any CPU.ActiveCfg = Release|Any CPU
		{F32655AC-F939-419B-B788-1006932AAEA9}.Release|Any CPU.Build.0 = Release|Any CPU
		{49692B4E-3889-4BA7-A865-A8F9720B9E26}.Debug|Any CPU.ActiveCfg = Debug|Any CPU
		{49692B4E-3889-4BA7-A865-A8F9720B9E26}.Debug|Any CPU.Build.0 = Debug|Any CPU
		{49692B4E-3889-4BA7-A865-A8F9720B9E26}.Release|Any CPU.ActiveCfg = Release|Any CPU
		{49692B4E-3889-4BA7-A865-A8F9720B9E26}.Release|Any CPU.Build.0 = Release|Any CPU
		{8C77777E-AD62-4297-89B2-B7704AF831B3}.Debug|Any CPU.ActiveCfg = Debug|Any CPU
		{8C77777E-AD62-4297-89B2-B7704AF831B3}.Debug|Any CPU.Build.0 = Debug|Any CPU
		{8C77777E-AD62-4297-89B2-B7704AF831B3}.Release|Any CPU.ActiveCfg = Release|Any CPU
		{8C77777E-AD62-4297-89B2-B7704AF831B3}.Release|Any CPU.Build.0 = Release|Any CPU
		{82D31E4E-C1F7-4176-BA1B-FF664A1493DB}.Debug|Any CPU.ActiveCfg = Debug|Any CPU
		{82D31E4E-C1F7-4176-BA1B-FF664A1493DB}.Debug|Any CPU.Build.0 = Debug|Any CPU
		{82D31E4E-C1F7-4176-BA1B-FF664A1493DB}.Release|Any CPU.ActiveCfg = Release|Any CPU
		{82D31E4E-C1F7-4176-BA1B-FF664A1493DB}.Release|Any CPU.Build.0 = Release|Any CPU
		{593B67F0-8C0C-4E86-80D3-A8130ED43273}.Debug|Any CPU.ActiveCfg = Debug|Any CPU
		{593B67F0-8C0C-4E86-80D3-A8130ED43273}.Debug|Any CPU.Build.0 = Debug|Any CPU
		{593B67F0-8C0C-4E86-80D3-A8130ED43273}.Release|Any CPU.ActiveCfg = Release|Any CPU
		{593B67F0-8C0C-4E86-80D3-A8130ED43273}.Release|Any CPU.Build.0 = Release|Any CPU
		{4D3FE2EA-1C5E-4A5E-8DEF-79A4A3E4805B}.Debug|Any CPU.ActiveCfg = Debug|Any CPU
		{4D3FE2EA-1C5E-4A5E-8DEF-79A4A3E4805B}.Debug|Any CPU.Build.0 = Debug|Any CPU
		{4D3FE2EA-1C5E-4A5E-8DEF-79A4A3E4805B}.Release|Any CPU.ActiveCfg = Release|Any CPU
		{4D3FE2EA-1C5E-4A5E-8DEF-79A4A3E4805B}.Release|Any CPU.Build.0 = Release|Any CPU
		{AA431C68-A24E-4D59-8CF6-9ECA348AFB11}.Debug|Any CPU.ActiveCfg = Debug|Any CPU
		{AA431C68-A24E-4D59-8CF6-9ECA348AFB11}.Debug|Any CPU.Build.0 = Debug|Any CPU
		{AA431C68-A24E-4D59-8CF6-9ECA348AFB11}.Release|Any CPU.ActiveCfg = Release|Any CPU
		{AA431C68-A24E-4D59-8CF6-9ECA348AFB11}.Release|Any CPU.Build.0 = Release|Any CPU
		{36315360-EF6C-4163-A8D7-B05B9883FA09}.Debug|Any CPU.ActiveCfg = Debug|Any CPU
		{36315360-EF6C-4163-A8D7-B05B9883FA09}.Debug|Any CPU.Build.0 = Debug|Any CPU
		{36315360-EF6C-4163-A8D7-B05B9883FA09}.Release|Any CPU.ActiveCfg = Release|Any CPU
		{36315360-EF6C-4163-A8D7-B05B9883FA09}.Release|Any CPU.Build.0 = Release|Any CPU
		{03E17426-B9FB-4E4E-A7F5-524014DD50B5}.Debug|Any CPU.ActiveCfg = Debug|Any CPU
		{03E17426-B9FB-4E4E-A7F5-524014DD50B5}.Debug|Any CPU.Build.0 = Debug|Any CPU
		{03E17426-B9FB-4E4E-A7F5-524014DD50B5}.Release|Any CPU.ActiveCfg = Release|Any CPU
		{03E17426-B9FB-4E4E-A7F5-524014DD50B5}.Release|Any CPU.Build.0 = Release|Any CPU
		{C8E45AC4-C991-4E0C-ACB1-2703D7ADF62F}.Debug|Any CPU.ActiveCfg = Debug|Any CPU
		{C8E45AC4-C991-4E0C-ACB1-2703D7ADF62F}.Debug|Any CPU.Build.0 = Debug|Any CPU
		{C8E45AC4-C991-4E0C-ACB1-2703D7ADF62F}.Release|Any CPU.ActiveCfg = Release|Any CPU
		{C8E45AC4-C991-4E0C-ACB1-2703D7ADF62F}.Release|Any CPU.Build.0 = Release|Any CPU
		{C2CBFB96-A836-42CE-91CA-B936BA88DF86}.Debug|Any CPU.ActiveCfg = Debug|Any CPU
		{C2CBFB96-A836-42CE-91CA-B936BA88DF86}.Debug|Any CPU.Build.0 = Debug|Any CPU
		{C2CBFB96-A836-42CE-91CA-B936BA88DF86}.Release|Any CPU.ActiveCfg = Release|Any CPU
		{C2CBFB96-A836-42CE-91CA-B936BA88DF86}.Release|Any CPU.Build.0 = Release|Any CPU
		{49EA486C-E3EF-422F-8455-B000446699FE}.Debug|Any CPU.ActiveCfg = Debug|Any CPU
		{49EA486C-E3EF-422F-8455-B000446699FE}.Debug|Any CPU.Build.0 = Debug|Any CPU
		{49EA486C-E3EF-422F-8455-B000446699FE}.Release|Any CPU.ActiveCfg = Release|Any CPU
		{49EA486C-E3EF-422F-8455-B000446699FE}.Release|Any CPU.Build.0 = Release|Any CPU
		{56DDE3F3-FE45-4090-9F52-A38E1F8336FD}.Debug|Any CPU.ActiveCfg = Debug|Any CPU
		{56DDE3F3-FE45-4090-9F52-A38E1F8336FD}.Debug|Any CPU.Build.0 = Debug|Any CPU
		{56DDE3F3-FE45-4090-9F52-A38E1F8336FD}.Release|Any CPU.ActiveCfg = Release|Any CPU
		{56DDE3F3-FE45-4090-9F52-A38E1F8336FD}.Release|Any CPU.Build.0 = Release|Any CPU
		{BC5DF173-C31F-48DD-9B16-0E219CB57D0B}.Debug|Any CPU.ActiveCfg = Debug|Any CPU
		{BC5DF173-C31F-48DD-9B16-0E219CB57D0B}.Debug|Any CPU.Build.0 = Debug|Any CPU
		{BC5DF173-C31F-48DD-9B16-0E219CB57D0B}.Release|Any CPU.ActiveCfg = Release|Any CPU
		{BC5DF173-C31F-48DD-9B16-0E219CB57D0B}.Release|Any CPU.Build.0 = Release|Any CPU
		{05D6A9BD-C7E7-45AA-AA4F-7978455E97BC}.Debug|Any CPU.ActiveCfg = Debug|Any CPU
		{05D6A9BD-C7E7-45AA-AA4F-7978455E97BC}.Debug|Any CPU.Build.0 = Debug|Any CPU
		{05D6A9BD-C7E7-45AA-AA4F-7978455E97BC}.Release|Any CPU.ActiveCfg = Release|Any CPU
		{05D6A9BD-C7E7-45AA-AA4F-7978455E97BC}.Release|Any CPU.Build.0 = Release|Any CPU
	EndGlobalSection
	GlobalSection(SolutionProperties) = preSolution
		HideSolutionNode = FALSE
	EndGlobalSection
	GlobalSection(NestedProjects) = preSolution
		{9E043092-B1D5-480E-A8F2-427B04A86EAD} = {3EF8DB5F-0D9F-4FB3-A05B-52A45DBD9CFE}
		{19A80731-0A78-44EE-8BD5-C9B2D7653465} = {9E043092-B1D5-480E-A8F2-427B04A86EAD}
		{C502A242-FBF4-4E8D-A94D-BFDCE4282370} = {3EF8DB5F-0D9F-4FB3-A05B-52A45DBD9CFE}
		{49692B4E-3889-4BA7-A865-A8F9720B9E26} = {C502A242-FBF4-4E8D-A94D-BFDCE4282370}
		{6C428B50-A692-4055-B8A7-1C5497B65CF3} = {3EF8DB5F-0D9F-4FB3-A05B-52A45DBD9CFE}
		{8C77777E-AD62-4297-89B2-B7704AF831B3} = {6C428B50-A692-4055-B8A7-1C5497B65CF3}
		{82D31E4E-C1F7-4176-BA1B-FF664A1493DB} = {6C428B50-A692-4055-B8A7-1C5497B65CF3}
		{4089D8C5-1BF9-4D10-9516-517F59DD9014} = {3EF8DB5F-0D9F-4FB3-A05B-52A45DBD9CFE}
		{593B67F0-8C0C-4E86-80D3-A8130ED43273} = {4089D8C5-1BF9-4D10-9516-517F59DD9014}
		{4D3FE2EA-1C5E-4A5E-8DEF-79A4A3E4805B} = {4089D8C5-1BF9-4D10-9516-517F59DD9014}
		{AA431C68-A24E-4D59-8CF6-9ECA348AFB11} = {4089D8C5-1BF9-4D10-9516-517F59DD9014}
		{36315360-EF6C-4163-A8D7-B05B9883FA09} = {4089D8C5-1BF9-4D10-9516-517F59DD9014}
		{03E17426-B9FB-4E4E-A7F5-524014DD50B5} = {3D3472CC-BAB9-432D-AB28-00FEFB2CA186}
		{C8E45AC4-C991-4E0C-ACB1-2703D7ADF62F} = {3D3472CC-BAB9-432D-AB28-00FEFB2CA186}
		{C2CBFB96-A836-42CE-91CA-B936BA88DF86} = {CDD9B53A-D4B2-4C14-850A-7A50F4EDB64A}
		{49EA486C-E3EF-422F-8455-B000446699FE} = {CDD9B53A-D4B2-4C14-850A-7A50F4EDB64A}
		{56DDE3F3-FE45-4090-9F52-A38E1F8336FD} = {FE111393-3F2F-47F5-A9B4-67DED23E7B89}
		{BC5DF173-C31F-48DD-9B16-0E219CB57D0B} = {DAC33046-DACE-475A-ACF0-3400839A8AE6}
		{05D6A9BD-C7E7-45AA-AA4F-7978455E97BC} = {DAC33046-DACE-475A-ACF0-3400839A8AE6}
	EndGlobalSection
	GlobalSection(ExtensibilityGlobals) = postSolution
		SolutionGuid = {5C159F02-0C50-4A3D-A48E-D1EF529B38D4}
	EndGlobalSection
EndGlobal
